// !$*UTF8*$!
{
	archiveVersion = 1;
	classes = {
	};
	objectVersion = 50;
	objects = {

/* Begin PBXBuildFile section */
		3CF6941F28A63EB800E50A60 /* IOSMacBrainLinkProSDKSpecialEditonV1.3.3.a in Frameworks */ = {isa = PBXBuildFile; fileRef = 3CF6941E28A63EB800E50A60 /* IOSMacBrainLinkProSDKSpecialEditonV1.3.3.a */; };
		FC46860A20E28E0D007830B1 /* QuartzCore.framework in Frameworks */ = {isa = PBXBuildFile; fileRef = FC46860920E28E0D007830B1 /* QuartzCore.framework */; };
		FCD0569120DFA2BC00DC7EDB /* AppDelegate.m in Sources */ = {isa = PBXBuildFile; fileRef = FCD0569020DFA2BC00DC7EDB /* AppDelegate.m */; };
		FCD0569420DFA2BC00DC7EDB /* ViewController.m in Sources */ = {isa = PBXBuildFile; fileRef = FCD0569320DFA2BC00DC7EDB /* ViewController.m */; };
		FCD0569620DFA2BD00DC7EDB /* Assets.xcassets in Resources */ = {isa = PBXBuildFile; fileRef = FCD0569520DFA2BD00DC7EDB /* Assets.xcassets */; };
		FCD0569920DFA2BD00DC7EDB /* Main.storyboard in Resources */ = {isa = PBXBuildFile; fileRef = FCD0569720DFA2BD00DC7EDB /* Main.storyboard */; };
		FCD0569C20DFA2BD00DC7EDB /* main.m in Sources */ = {isa = PBXBuildFile; fileRef = FCD0569B20DFA2BD00DC7EDB /* main.m */; };
		FCD056A720DFA2BD00DC7EDB /* MAC_HZLBlue4_0DemoTests.m in Sources */ = {isa = PBXBuildFile; fileRef = FCD056A620DFA2BD00DC7EDB /* MAC_HZLBlue4_0DemoTests.m */; };
		FCD056B220DFA2BD00DC7EDB /* MAC_HZLBlue4_0DemoUITests.m in Sources */ = {isa = PBXBuildFile; fileRef = FCD056B120DFA2BD00DC7EDB /* MAC_HZLBlue4_0DemoUITests.m */; };
		FCD056D220DFA42500DC7EDB /* ReciveViewController.m in Sources */ = {isa = PBXBuildFile; fileRef = FCD056D020DFA42500DC7EDB /* ReciveViewController.m */; };
		FCD056D320DFA42500DC7EDB /* ReciveViewController.xib in Resources */ = {isa = PBXBuildFile; fileRef = FCD056D120DFA42500DC7EDB /* ReciveViewController.xib */; };
/* End PBXBuildFile section */

/* Begin PBXContainerItemProxy section */
		FCD056A320DFA2BD00DC7EDB /* PBXContainerItemProxy */ = {
			isa = PBXContainerItemProxy;
			containerPortal = FCD0568420DFA2BC00DC7EDB /* Project object */;
			proxyType = 1;
			remoteGlobalIDString = FCD0568B20DFA2BC00DC7EDB;
			remoteInfo = MAC_HZLBlue4.0Demo;
		};
		FCD056AE20DFA2BD00DC7EDB /* PBXContainerItemProxy */ = {
			isa = PBXContainerItemProxy;
			containerPortal = FCD0568420DFA2BC00DC7EDB /* Project object */;
			proxyType = 1;
			remoteGlobalIDString = FCD0568B20DFA2BC00DC7EDB;
			remoteInfo = MAC_HZLBlue4.0Demo;
		};
/* End PBXContainerItemProxy section */

/* Begin PBXCopyFilesBuildPhase section */
		3C11FA82262429700014673D /* Embed Libraries */ = {
			isa = PBXCopyFilesBuildPhase;
			buildActionMask = 2147483647;
			dstPath = "";
			dstSubfolderSpec = 10;
			files = (
			);
			name = "Embed Libraries";
			runOnlyForDeploymentPostprocessing = 0;
		};
/* End PBXCopyFilesBuildPhase section */

/* Begin PBXFileReference section */
		3C180C9420E31E1400184852 /* CoreBluetooth.framework */ = {isa = PBXFileReference; lastKnownFileType = wrapper.framework; name = CoreBluetooth.framework; path = System/Library/Frameworks/CoreBluetooth.framework; sourceTree = SDKROOT; };
		3C180D7B20E374E200184852 /* MAC_HZLBlue4.0Demo.entitlements */ = {isa = PBXFileReference; lastKnownFileType = text.plist.entitlements; path = MAC_HZLBlue4.0Demo.entitlements; sourceTree = "<group>"; };
		3CF6941C28A63EB800E50A60 /* Blue4Manager.h */ = {isa = PBXFileReference; fileEncoding = 4; lastKnownFileType = sourcecode.c.h; path = Blue4Manager.h; sourceTree = "<group>"; };
		3CF6941D28A63EB800E50A60 /* HZLBlueData.h */ = {isa = PBXFileReference; fileEncoding = 4; lastKnownFileType = sourcecode.c.h; path = HZLBlueData.h; sourceTree = "<group>"; };
		3CF6941E28A63EB800E50A60 /* IOSMacBrainLinkProSDKSpecialEditonV1.3.3.a */ = {isa = PBXFileReference; lastKnownFileType = archive.ar; path = IOSMacBrainLinkProSDKSpecialEditonV1.3.3.a; sourceTree = "<group>"; };
		FC46860920E28E0D007830B1 /* QuartzCore.framework */ = {isa = PBXFileReference; lastKnownFileType = wrapper.framework; name = QuartzCore.framework; path = System/Library/Frameworks/QuartzCore.framework; sourceTree = SDKROOT; };
		FCD0568C20DFA2BC00DC7EDB /* MAC_HZLBlue4.0Demo.app */ = {isa = PBXFileReference; explicitFileType = wrapper.application; includeInIndex = 0; path = MAC_HZLBlue4.0Demo.app; sourceTree = BUILT_PRODUCTS_DIR; };
		FCD0568F20DFA2BC00DC7EDB /* AppDelegate.h */ = {isa = PBXFileReference; lastKnownFileType = sourcecode.c.h; path = AppDelegate.h; sourceTree = "<group>"; };
		FCD0569020DFA2BC00DC7EDB /* AppDelegate.m */ = {isa = PBXFileReference; lastKnownFileType = sourcecode.c.objc; path = AppDelegate.m; sourceTree = "<group>"; };
		FCD0569220DFA2BC00DC7EDB /* ViewController.h */ = {isa = PBXFileReference; lastKnownFileType = sourcecode.c.h; path = ViewController.h; sourceTree = "<group>"; };
		FCD0569320DFA2BC00DC7EDB /* ViewController.m */ = {isa = PBXFileReference; lastKnownFileType = sourcecode.c.objc; path = ViewController.m; sourceTree = "<group>"; };
		FCD0569520DFA2BD00DC7EDB /* Assets.xcassets */ = {isa = PBXFileReference; lastKnownFileType = folder.assetcatalog; path = Assets.xcassets; sourceTree = "<group>"; };
		FCD0569820DFA2BD00DC7EDB /* Base */ = {isa = PBXFileReference; lastKnownFileType = file.storyboard; name = Base; path = Base.lproj/Main.storyboard; sourceTree = "<group>"; };
		FCD0569A20DFA2BD00DC7EDB /* Info.plist */ = {isa = PBXFileReference; lastKnownFileType = text.plist.xml; path = Info.plist; sourceTree = "<group>"; };
		FCD0569B20DFA2BD00DC7EDB /* main.m */ = {isa = PBXFileReference; lastKnownFileType = sourcecode.c.objc; path = main.m; sourceTree = "<group>"; };
		FCD0569D20DFA2BD00DC7EDB /* MAC_HZLBlue4_0Demo.entitlements */ = {isa = PBXFileReference; lastKnownFileType = text.plist.entitlements; path = MAC_HZLBlue4_0Demo.entitlements; sourceTree = "<group>"; };
		FCD056A220DFA2BD00DC7EDB /* MAC_HZLBlue4.0DemoTests.xctest */ = {isa = PBXFileReference; explicitFileType = wrapper.cfbundle; includeInIndex = 0; path = MAC_HZLBlue4.0DemoTests.xctest; sourceTree = BUILT_PRODUCTS_DIR; };
		FCD056A620DFA2BD00DC7EDB /* MAC_HZLBlue4_0DemoTests.m */ = {isa = PBXFileReference; lastKnownFileType = sourcecode.c.objc; path = MAC_HZLBlue4_0DemoTests.m; sourceTree = "<group>"; };
		FCD056A820DFA2BD00DC7EDB /* Info.plist */ = {isa = PBXFileReference; lastKnownFileType = text.plist.xml; path = Info.plist; sourceTree = "<group>"; };
		FCD056AD20DFA2BD00DC7EDB /* MAC_HZLBlue4.0DemoUITests.xctest */ = {isa = PBXFileReference; explicitFileType = wrapper.cfbundle; includeInIndex = 0; path = MAC_HZLBlue4.0DemoUITests.xctest; sourceTree = BUILT_PRODUCTS_DIR; };
		FCD056B120DFA2BD00DC7EDB /* MAC_HZLBlue4_0DemoUITests.m */ = {isa = PBXFileReference; lastKnownFileType = sourcecode.c.objc; path = MAC_HZLBlue4_0DemoUITests.m; sourceTree = "<group>"; };
		FCD056B320DFA2BD00DC7EDB /* Info.plist */ = {isa = PBXFileReference; lastKnownFileType = text.plist.xml; path = Info.plist; sourceTree = "<group>"; };
		FCD056CF20DFA42500DC7EDB /* ReciveViewController.h */ = {isa = PBXFileReference; lastKnownFileType = sourcecode.c.h; path = ReciveViewController.h; sourceTree = "<group>"; };
		FCD056D020DFA42500DC7EDB /* ReciveViewController.m */ = {isa = PBXFileReference; lastKnownFileType = sourcecode.c.objc; path = ReciveViewController.m; sourceTree = "<group>"; };
		FCD056D120DFA42500DC7EDB /* ReciveViewController.xib */ = {isa = PBXFileReference; lastKnownFileType = file.xib; path = ReciveViewController.xib; sourceTree = "<group>"; };
/* End PBXFileReference section */

/* Begin PBXFrameworksBuildPhase section */
		FCD0568920DFA2BC00DC7EDB /* Frameworks */ = {
			isa = PBXFrameworksBuildPhase;
			buildActionMask = 2147483647;
			files = (
				FC46860A20E28E0D007830B1 /* QuartzCore.framework in Frameworks */,
				3CF6941F28A63EB800E50A60 /* IOSMacBrainLinkProSDKSpecialEditonV1.3.3.a in Frameworks */,
			);
			runOnlyForDeploymentPostprocessing = 0;
		};
		FCD0569F20DFA2BD00DC7EDB /* Frameworks */ = {
			isa = PBXFrameworksBuildPhase;
			buildActionMask = 2147483647;
			files = (
			);
			runOnlyForDeploymentPostprocessing = 0;
		};
		FCD056AA20DFA2BD00DC7EDB /* Frameworks */ = {
			isa = PBXFrameworksBuildPhase;
			buildActionMask = 2147483647;
			files = (
			);
			runOnlyForDeploymentPostprocessing = 0;
		};
/* End PBXFrameworksBuildPhase section */

/* Begin PBXGroup section */
		3CF6941B28A63EB800E50A60 /* IOSMacBrainLinkProSDKSpecialEditonV1.3.3 */ = {
			isa = PBXGroup;
			children = (
				3CF6941C28A63EB800E50A60 /* Blue4Manager.h */,
				3CF6941D28A63EB800E50A60 /* HZLBlueData.h */,
				3CF6941E28A63EB800E50A60 /* IOSMacBrainLinkProSDKSpecialEditonV1.3.3.a */,
			);
			path = IOSMacBrainLinkProSDKSpecialEditonV1.3.3;
			sourceTree = "<group>";
		};
		FC46860820E28E0D007830B1 /* Frameworks */ = {
			isa = PBXGroup;
			children = (
				3C180C9420E31E1400184852 /* CoreBluetooth.framework */,
				FC46860920E28E0D007830B1 /* QuartzCore.framework */,
			);
			name = Frameworks;
			sourceTree = "<group>";
		};
		FCD0568320DFA2BC00DC7EDB = {
			isa = PBXGroup;
			children = (
				FCD0568E20DFA2BC00DC7EDB /* MAC_HZLBlue4.0Demo */,
				FCD056A520DFA2BD00DC7EDB /* MAC_HZLBlue4.0DemoTests */,
				FCD056B020DFA2BD00DC7EDB /* MAC_HZLBlue4.0DemoUITests */,
				FCD0568D20DFA2BC00DC7EDB /* Products */,
				FC46860820E28E0D007830B1 /* Frameworks */,
			);
			sourceTree = "<group>";
		};
		FCD0568D20DFA2BC00DC7EDB /* Products */ = {
			isa = PBXGroup;
			children = (
				FCD0568C20DFA2BC00DC7EDB /* MAC_HZLBlue4.0Demo.app */,
				FCD056A220DFA2BD00DC7EDB /* MAC_HZLBlue4.0DemoTests.xctest */,
				FCD056AD20DFA2BD00DC7EDB /* MAC_HZLBlue4.0DemoUITests.xctest */,
			);
			name = Products;
			sourceTree = "<group>";
		};
		FCD0568E20DFA2BC00DC7EDB /* MAC_HZLBlue4.0Demo */ = {
			isa = PBXGroup;
			children = (
				3CF6941B28A63EB800E50A60 /* IOSMacBrainLinkProSDKSpecialEditonV1.3.3 */,
				3C180D7B20E374E200184852 /* MAC_HZLBlue4.0Demo.entitlements */,
				FCD0568F20DFA2BC00DC7EDB /* AppDelegate.h */,
				FCD0569020DFA2BC00DC7EDB /* AppDelegate.m */,
				FCD0569220DFA2BC00DC7EDB /* ViewController.h */,
				FCD0569320DFA2BC00DC7EDB /* ViewController.m */,
				FCD056CF20DFA42500DC7EDB /* ReciveViewController.h */,
				FCD056D020DFA42500DC7EDB /* ReciveViewController.m */,
				FCD056D120DFA42500DC7EDB /* ReciveViewController.xib */,
				FCD0569520DFA2BD00DC7EDB /* Assets.xcassets */,
				FCD0569720DFA2BD00DC7EDB /* Main.storyboard */,
				FCD0569A20DFA2BD00DC7EDB /* Info.plist */,
				FCD0569B20DFA2BD00DC7EDB /* main.m */,
				FCD0569D20DFA2BD00DC7EDB /* MAC_HZLBlue4_0Demo.entitlements */,
			);
			path = MAC_HZLBlue4.0Demo;
			sourceTree = "<group>";
		};
		FCD056A520DFA2BD00DC7EDB /* MAC_HZLBlue4.0DemoTests */ = {
			isa = PBXGroup;
			children = (
				FCD056A620DFA2BD00DC7EDB /* MAC_HZLBlue4_0DemoTests.m */,
				FCD056A820DFA2BD00DC7EDB /* Info.plist */,
			);
			path = MAC_HZLBlue4.0DemoTests;
			sourceTree = "<group>";
		};
		FCD056B020DFA2BD00DC7EDB /* MAC_HZLBlue4.0DemoUITests */ = {
			isa = PBXGroup;
			children = (
				FCD056B120DFA2BD00DC7EDB /* MAC_HZLBlue4_0DemoUITests.m */,
				FCD056B320DFA2BD00DC7EDB /* Info.plist */,
			);
			path = MAC_HZLBlue4.0DemoUITests;
			sourceTree = "<group>";
		};
/* End PBXGroup section */

/* Begin PBXNativeTarget section */
		FCD0568B20DFA2BC00DC7EDB /* MAC_HZLBlue4.0Demo */ = {
			isa = PBXNativeTarget;
			buildConfigurationList = FCD056B620DFA2BD00DC7EDB /* Build configuration list for PBXNativeTarget "MAC_HZLBlue4.0Demo" */;
			buildPhases = (
				FCD0568820DFA2BC00DC7EDB /* Sources */,
				FCD0568920DFA2BC00DC7EDB /* Frameworks */,
				FCD0568A20DFA2BC00DC7EDB /* Resources */,
				3C11FA82262429700014673D /* Embed Libraries */,
			);
			buildRules = (
			);
			dependencies = (
			);
			name = MAC_HZLBlue4.0Demo;
			productName = MAC_HZLBlue4.0Demo;
			productReference = FCD0568C20DFA2BC00DC7EDB /* MAC_HZLBlue4.0Demo.app */;
			productType = "com.apple.product-type.application";
		};
		FCD056A120DFA2BD00DC7EDB /* MAC_HZLBlue4.0DemoTests */ = {
			isa = PBXNativeTarget;
			buildConfigurationList = FCD056B920DFA2BD00DC7EDB /* Build configuration list for PBXNativeTarget "MAC_HZLBlue4.0DemoTests" */;
			buildPhases = (
				FCD0569E20DFA2BD00DC7EDB /* Sources */,
				FCD0569F20DFA2BD00DC7EDB /* Frameworks */,
				FCD056A020DFA2BD00DC7EDB /* Resources */,
			);
			buildRules = (
			);
			dependencies = (
				FCD056A420DFA2BD00DC7EDB /* PBXTargetDependency */,
			);
			name = MAC_HZLBlue4.0DemoTests;
			productName = MAC_HZLBlue4.0DemoTests;
			productReference = FCD056A220DFA2BD00DC7EDB /* MAC_HZLBlue4.0DemoTests.xctest */;
			productType = "com.apple.product-type.bundle.unit-test";
		};
		FCD056AC20DFA2BD00DC7EDB /* MAC_HZLBlue4.0DemoUITests */ = {
			isa = PBXNativeTarget;
			buildConfigurationList = FCD056BC20DFA2BD00DC7EDB /* Build configuration list for PBXNativeTarget "MAC_HZLBlue4.0DemoUITests" */;
			buildPhases = (
				FCD056A920DFA2BD00DC7EDB /* Sources */,
				FCD056AA20DFA2BD00DC7EDB /* Frameworks */,
				FCD056AB20DFA2BD00DC7EDB /* Resources */,
			);
			buildRules = (
			);
			dependencies = (
				FCD056AF20DFA2BD00DC7EDB /* PBXTargetDependency */,
			);
			name = MAC_HZLBlue4.0DemoUITests;
			productName = MAC_HZLBlue4.0DemoUITests;
			productReference = FCD056AD20DFA2BD00DC7EDB /* MAC_HZLBlue4.0DemoUITests.xctest */;
			productType = "com.apple.product-type.bundle.ui-testing";
		};
/* End PBXNativeTarget section */

/* Begin PBXProject section */
		FCD0568420DFA2BC00DC7EDB /* Project object */ = {
			isa = PBXProject;
			attributes = {
				LastUpgradeCheck = 0930;
				ORGANIZATIONNAME = macrotellect;
				TargetAttributes = {
					FCD0568B20DFA2BC00DC7EDB = {
						CreatedOnToolsVersion = 9.3.1;
						SystemCapabilities = {
							com.apple.Sandbox = {
								enabled = 1;
							};
						};
					};
					FCD056A120DFA2BD00DC7EDB = {
						CreatedOnToolsVersion = 9.3.1;
						TestTargetID = FCD0568B20DFA2BC00DC7EDB;
					};
					FCD056AC20DFA2BD00DC7EDB = {
						CreatedOnToolsVersion = 9.3.1;
						TestTargetID = FCD0568B20DFA2BC00DC7EDB;
					};
				};
			};
			buildConfigurationList = FCD0568720DFA2BC00DC7EDB /* Build configuration list for PBXProject "MAC_HZLBlue4.0Demo" */;
			compatibilityVersion = "Xcode 9.3";
			developmentRegion = en;
			hasScannedForEncodings = 0;
			knownRegions = (
				en,
				Base,
			);
			mainGroup = FCD0568320DFA2BC00DC7EDB;
			productRefGroup = FCD0568D20DFA2BC00DC7EDB /* Products */;
			projectDirPath = "";
			projectRoot = "";
			targets = (
				FCD0568B20DFA2BC00DC7EDB /* MAC_HZLBlue4.0Demo */,
				FCD056A120DFA2BD00DC7EDB /* MAC_HZLBlue4.0DemoTests */,
				FCD056AC20DFA2BD00DC7EDB /* MAC_HZLBlue4.0DemoUITests */,
			);
		};
/* End PBXProject section */

/* Begin PBXResourcesBuildPhase section */
		FCD0568A20DFA2BC00DC7EDB /* Resources */ = {
			isa = PBXResourcesBuildPhase;
			buildActionMask = 2147483647;
			files = (
				FCD056D320DFA42500DC7EDB /* ReciveViewController.xib in Resources */,
				FCD0569620DFA2BD00DC7EDB /* Assets.xcassets in Resources */,
				FCD0569920DFA2BD00DC7EDB /* Main.storyboard in Resources */,
			);
			runOnlyForDeploymentPostprocessing = 0;
		};
		FCD056A020DFA2BD00DC7EDB /* Resources */ = {
			isa = PBXResourcesBuildPhase;
			buildActionMask = 2147483647;
			files = (
			);
			runOnlyForDeploymentPostprocessing = 0;
		};
		FCD056AB20DFA2BD00DC7EDB /* Resources */ = {
			isa = PBXResourcesBuildPhase;
			buildActionMask = 2147483647;
			files = (
			);
			runOnlyForDeploymentPostprocessing = 0;
		};
/* End PBXResourcesBuildPhase section */

/* Begin PBXSourcesBuildPhase section */
		FCD0568820DFA2BC00DC7EDB /* Sources */ = {
			isa = PBXSourcesBuildPhase;
			buildActionMask = 2147483647;
			files = (
				FCD056D220DFA42500DC7EDB /* ReciveViewController.m in Sources */,
				FCD0569420DFA2BC00DC7EDB /* ViewController.m in Sources */,
				FCD0569C20DFA2BD00DC7EDB /* main.m in Sources */,
				FCD0569120DFA2BC00DC7EDB /* AppDelegate.m in Sources */,
			);
			runOnlyForDeploymentPostprocessing = 0;
		};
		FCD0569E20DFA2BD00DC7EDB /* Sources */ = {
			isa = PBXSourcesBuildPhase;
			buildActionMask = 2147483647;
			files = (
				FCD056A720DFA2BD00DC7EDB /* MAC_HZLBlue4_0DemoTests.m in Sources */,
			);
			runOnlyForDeploymentPostprocessing = 0;
		};
		FCD056A920DFA2BD00DC7EDB /* Sources */ = {
			isa = PBXSourcesBuildPhase;
			buildActionMask = 2147483647;
			files = (
				FCD056B220DFA2BD00DC7EDB /* MAC_HZLBlue4_0DemoUITests.m in Sources */,
			);
			runOnlyForDeploymentPostprocessing = 0;
		};
/* End PBXSourcesBuildPhase section */

/* Begin PBXTargetDependency section */
		FCD056A420DFA2BD00DC7EDB /* PBXTargetDependency */ = {
			isa = PBXTargetDependency;
			target = FCD0568B20DFA2BC00DC7EDB /* MAC_HZLBlue4.0Demo */;
			targetProxy = FCD056A320DFA2BD00DC7EDB /* PBXContainerItemProxy */;
		};
		FCD056AF20DFA2BD00DC7EDB /* PBXTargetDependency */ = {
			isa = PBXTargetDependency;
			target = FCD0568B20DFA2BC00DC7EDB /* MAC_HZLBlue4.0Demo */;
			targetProxy = FCD056AE20DFA2BD00DC7EDB /* PBXContainerItemProxy */;
		};
/* End PBXTargetDependency section */

/* Begin PBXVariantGroup section */
		FCD0569720DFA2BD00DC7EDB /* Main.storyboard */ = {
			isa = PBXVariantGroup;
			children = (
				FCD0569820DFA2BD00DC7EDB /* Base */,
			);
			name = Main.storyboard;
			sourceTree = "<group>";
		};
/* End PBXVariantGroup section */

/* Begin XCBuildConfiguration section */
		FCD056B420DFA2BD00DC7EDB /* Debug */ = {
			isa = XCBuildConfiguration;
			buildSettings = {
				ALWAYS_SEARCH_USER_PATHS = NO;
				CLANG_ANALYZER_NONNULL = YES;
				CLANG_ANALYZER_NUMBER_OBJECT_CONVERSION = YES_AGGRESSIVE;
				CLANG_CXX_LANGUAGE_STANDARD = "gnu++14";
				CLANG_CXX_LIBRARY = "libc++";
				CLANG_ENABLE_MODULES = YES;
				CLANG_ENABLE_OBJC_ARC = YES;
				CLANG_ENABLE_OBJC_WEAK = YES;
				CLANG_WARN_BLOCK_CAPTURE_AUTORELEASING = YES;
				CLANG_WARN_BOOL_CONVERSION = YES;
				CLANG_WARN_COMMA = YES;
				CLANG_WARN_CONSTANT_CONVERSION = YES;
				CLANG_WARN_DEPRECATED_OBJC_IMPLEMENTATIONS = YES;
				CLANG_WARN_DIRECT_OBJC_ISA_USAGE = YES_ERROR;
				CLANG_WARN_DOCUMENTATION_COMMENTS = YES;
				CLANG_WARN_EMPTY_BODY = YES;
				CLANG_WARN_ENUM_CONVERSION = YES;
				CLANG_WARN_INFINITE_RECURSION = YES;
				CLANG_WARN_INT_CONVERSION = YES;
				CLANG_WARN_NON_LITERAL_NULL_CONVERSION = YES;
				CLANG_WARN_OBJC_IMPLICIT_RETAIN_SELF = YES;
				CLANG_WARN_OBJC_LITERAL_CONVERSION = YES;
				CLANG_WARN_OBJC_ROOT_CLASS = YES_ERROR;
				CLANG_WARN_RANGE_LOOP_ANALYSIS = YES;
				CLANG_WARN_STRICT_PROTOTYPES = YES;
				CLANG_WARN_SUSPICIOUS_MOVE = YES;
				CLANG_WARN_UNGUARDED_AVAILABILITY = YES_AGGRESSIVE;
				CLANG_WARN_UNREACHABLE_CODE = YES;
				CLANG_WARN__DUPLICATE_METHOD_MATCH = YES;
				CODE_SIGN_IDENTITY = "-";
				COPY_PHASE_STRIP = NO;
				DEBUG_INFORMATION_FORMAT = dwarf;
				ENABLE_STRICT_OBJC_MSGSEND = YES;
				ENABLE_TESTABILITY = YES;
				GCC_C_LANGUAGE_STANDARD = gnu11;
				GCC_DYNAMIC_NO_PIC = NO;
				GCC_NO_COMMON_BLOCKS = YES;
				GCC_OPTIMIZATION_LEVEL = 0;
				GCC_PREPROCESSOR_DEFINITIONS = (
					"DEBUG=1",
					"$(inherited)",
				);
				GCC_WARN_64_TO_32_BIT_CONVERSION = YES;
				GCC_WARN_ABOUT_RETURN_TYPE = YES_ERROR;
				GCC_WARN_UNDECLARED_SELECTOR = YES;
				GCC_WARN_UNINITIALIZED_AUTOS = YES_AGGRESSIVE;
				GCC_WARN_UNUSED_FUNCTION = YES;
				GCC_WARN_UNUSED_VARIABLE = YES;
				MACOSX_DEPLOYMENT_TARGET = 10.10;
				MTL_ENABLE_DEBUG_INFO = YES;
				ONLY_ACTIVE_ARCH = YES;
				SDKROOT = macosx;
			};
			name = Debug;
		};
		FCD056B520DFA2BD00DC7EDB /* Release */ = {
			isa = XCBuildConfiguration;
			buildSettings = {
				ALWAYS_SEARCH_USER_PATHS = NO;
				CLANG_ANALYZER_NONNULL = YES;
				CLANG_ANALYZER_NUMBER_OBJECT_CONVERSION = YES_AGGRESSIVE;
				CLANG_CXX_LANGUAGE_STANDARD = "gnu++14";
				CLANG_CXX_LIBRARY = "libc++";
				CLANG_ENABLE_MODULES = YES;
				CLANG_ENABLE_OBJC_ARC = YES;
				CLANG_ENABLE_OBJC_WEAK = YES;
				CLANG_WARN_BLOCK_CAPTURE_AUTORELEASING = YES;
				CLANG_WARN_BOOL_CONVERSION = YES;
				CLANG_WARN_COMMA = YES;
				CLANG_WARN_CONSTANT_CONVERSION = YES;
				CLANG_WARN_DEPRECATED_OBJC_IMPLEMENTATIONS = YES;
				CLANG_WARN_DIRECT_OBJC_ISA_USAGE = YES_ERROR;
				CLANG_WARN_DOCUMENTATION_COMMENTS = YES;
				CLANG_WARN_EMPTY_BODY = YES;
				CLANG_WARN_ENUM_CONVERSION = YES;
				CLANG_WARN_INFINITE_RECURSION = YES;
				CLANG_WARN_INT_CONVERSION = YES;
				CLANG_WARN_NON_LITERAL_NULL_CONVERSION = YES;
				CLANG_WARN_OBJC_IMPLICIT_RETAIN_SELF = YES;
				CLANG_WARN_OBJC_LITERAL_CONVERSION = YES;
				CLANG_WARN_OBJC_ROOT_CLASS = YES_ERROR;
				CLANG_WARN_RANGE_LOOP_ANALYSIS = YES;
				CLANG_WARN_STRICT_PROTOTYPES = YES;
				CLANG_WARN_SUSPICIOUS_MOVE = YES;
				CLANG_WARN_UNGUARDED_AVAILABILITY = YES_AGGRESSIVE;
				CLANG_WARN_UNREACHABLE_CODE = YES;
				CLANG_WARN__DUPLICATE_METHOD_MATCH = YES;
				CODE_SIGN_IDENTITY = "-";
				COPY_PHASE_STRIP = NO;
				DEBUG_INFORMATION_FORMAT = "dwarf-with-dsym";
				ENABLE_NS_ASSERTIONS = NO;
				ENABLE_STRICT_OBJC_MSGSEND = YES;
				GCC_C_LANGUAGE_STANDARD = gnu11;
				GCC_NO_COMMON_BLOCKS = YES;
				GCC_WARN_64_TO_32_BIT_CONVERSION = YES;
				GCC_WARN_ABOUT_RETURN_TYPE = YES_ERROR;
				GCC_WARN_UNDECLARED_SELECTOR = YES;
				GCC_WARN_UNINITIALIZED_AUTOS = YES_AGGRESSIVE;
				GCC_WARN_UNUSED_FUNCTION = YES;
				GCC_WARN_UNUSED_VARIABLE = YES;
				MACOSX_DEPLOYMENT_TARGET = 10.10;
				MTL_ENABLE_DEBUG_INFO = NO;
				SDKROOT = macosx;
			};
			name = Release;
		};
		FCD056B720DFA2BD00DC7EDB /* Debug */ = {
			isa = XCBuildConfiguration;
			buildSettings = {
				ASSETCATALOG_COMPILER_APPICON_NAME = AppIcon;
				CODE_SIGN_ENTITLEMENTS = MAC_HZLBlue4.0Demo/MAC_HZLBlue4.0Demo.entitlements;
				CODE_SIGN_STYLE = Automatic;
				COMBINE_HIDPI_IMAGES = YES;
				INFOPLIST_FILE = MAC_HZLBlue4.0Demo/Info.plist;
				LD_RUNPATH_SEARCH_PATHS = (
					"$(inherited)",
					"@executable_path/../Frameworks",
				);
				LIBRARY_SEARCH_PATHS = (
					"$(inherited)",
					"$(PROJECT_DIR)/MAC_HZLBlue4.0Demo/libHzlBlueTooth/HZLBlue4.0SDK",
					"$(PROJECT_DIR)/MAC_HZLBlue4.0Demo/Blue4Manager",
					"$(PROJECT_DIR)/MAC_HZLBlue4.0Demo/Blue4Manager1",
					"$(PROJECT_DIR)/MAC_HZLBlue4.0Demo/iOSMACBluetooth4SDK\\ V1.3_Release",
					"$(PROJECT_DIR)/MAC_HZLBlue4.0Demo/iOSMacBrainLinkProSDKSpecialEditonV1.3_Release",
					"$(PROJECT_DIR)/MAC_HZLBlue4.0Demo/iOSMacBrainLinkProSDKSpecialEditonV1.3.1",
					"$(PROJECT_DIR)/MAC_HZLBlue4.0Demo/IOSMacBrainLinkProSDKSpecialEditonV1.3.1",
					"$(PROJECT_DIR)/MAC_HZLBlue4.0Demo/IOSMacBrainLinkProSDKSpecialEditonV1.3.3",
				);
				MACOSX_DEPLOYMENT_TARGET = 10.10;
				MARKETING_VERSION = 1.3.1;
				OTHER_LDFLAGS = "-ObjC";
				PRODUCT_BUNDLE_IDENTIFIER = "com.macrotellect.MAC-HZLBlue4-0Demo";
				PRODUCT_NAME = "$(TARGET_NAME)";
			};
			name = Debug;
		};
		FCD056B820DFA2BD00DC7EDB /* Release */ = {
			isa = XCBuildConfiguration;
			buildSettings = {
				ASSETCATALOG_COMPILER_APPICON_NAME = AppIcon;
				CODE_SIGN_ENTITLEMENTS = MAC_HZLBlue4.0Demo/MAC_HZLBlue4.0Demo.entitlements;
				CODE_SIGN_STYLE = Automatic;
				COMBINE_HIDPI_IMAGES = YES;
				INFOPLIST_FILE = MAC_HZLBlue4.0Demo/Info.plist;
				LD_RUNPATH_SEARCH_PATHS = (
					"$(inherited)",
					"@executable_path/../Frameworks",
				);
				LIBRARY_SEARCH_PATHS = (
					"$(inherited)",
					"$(PROJECT_DIR)/MAC_HZLBlue4.0Demo/libHzlBlueTooth/HZLBlue4.0SDK",
					"$(PROJECT_DIR)/MAC_HZLBlue4.0Demo/Blue4Manager",
					"$(PROJECT_DIR)/MAC_HZLBlue4.0Demo/Blue4Manager1",
					"$(PROJECT_DIR)/MAC_HZLBlue4.0Demo/iOSMACBluetooth4SDK\\ V1.3_Release",
					"$(PROJECT_DIR)/MAC_HZLBlue4.0Demo/iOSMacBrainLinkProSDKSpecialEditonV1.3_Release",
					"$(PROJECT_DIR)/MAC_HZLBlue4.0Demo/iOSMacBrainLinkProSDKSpecialEditonV1.3.1",
					"$(PROJECT_DIR)/MAC_HZLBlue4.0Demo/IOSMacBrainLinkProSDKSpecialEditonV1.3.1",
					"$(PROJECT_DIR)/MAC_HZLBlue4.0Demo/IOSMacBrainLinkProSDKSpecialEditonV1.3.3",
				);
				MACOSX_DEPLOYMENT_TARGET = 10.10;
				MARKETING_VERSION = 1.3.1;
				OTHER_LDFLAGS = "-ObjC";
				PRODUCT_BUNDLE_IDENTIFIER = "com.macrotellect.MAC-HZLBlue4-0Demo";
				PRODUCT_NAME = "$(TARGET_NAME)";
			};
			name = Release;
		};
		FCD056BA20DFA2BD00DC7EDB /* Debug */ = {
			isa = XCBuildConfiguration;
			buildSettings = {
				BUNDLE_LOADER = "$(TEST_HOST)";
				CODE_SIGN_STYLE = Automatic;
				COMBINE_HIDPI_IMAGES = YES;
				INFOPLIST_FILE = MAC_HZLBlue4.0DemoTests/Info.plist;
				LD_RUNPATH_SEARCH_PATHS = (
					"$(inherited)",
					"@executable_path/../Frameworks",
					"@loader_path/../Frameworks",
				);
				PRODUCT_BUNDLE_IDENTIFIER = "com.macrotellect.MAC-HZLBlue4-0DemoTests";
				PRODUCT_NAME = "$(TARGET_NAME)";
				TEST_HOST = "$(BUILT_PRODUCTS_DIR)/MAC_HZLBlue4.0Demo.app/Contents/MacOS/MAC_HZLBlue4.0Demo";
			};
			name = Debug;
		};
		FCD056BB20DFA2BD00DC7EDB /* Release */ = {
			isa = XCBuildConfiguration;
			buildSettings = {
				BUNDLE_LOADER = "$(TEST_HOST)";
				CODE_SIGN_STYLE = Automatic;
				COMBINE_HIDPI_IMAGES = YES;
				INFOPLIST_FILE = MAC_HZLBlue4.0DemoTests/Info.plist;
				LD_RUNPATH_SEARCH_PATHS = (
					"$(inherited)",
					"@executable_path/../Frameworks",
					"@loader_path/../Frameworks",
				);
				PRODUCT_BUNDLE_IDENTIFIER = "com.macrotellect.MAC-HZLBlue4-0DemoTests";
				PRODUCT_NAME = "$(TARGET_NAME)";
				TEST_HOST = "$(BUILT_PRODUCTS_DIR)/MAC_HZLBlue4.0Demo.app/Contents/MacOS/MAC_HZLBlue4.0Demo";
			};
			name = Release;
		};
		FCD056BD20DFA2BD00DC7EDB /* Debug */ = {
			isa = XCBuildConfiguration;
			buildSettings = {
				CODE_SIGN_STYLE = Automatic;
				COMBINE_HIDPI_IMAGES = YES;
				INFOPLIST_FILE = MAC_HZLBlue4.0DemoUITests/Info.plist;
				LD_RUNPATH_SEARCH_PATHS = (
					"$(inherited)",
					"@executable_path/../Frameworks",
					"@loader_path/../Frameworks",
				);
				PRODUCT_BUNDLE_IDENTIFIER = "com.macrotellect.MAC-HZLBlue4-0DemoUITests";
				PRODUCT_NAME = "$(TARGET_NAME)";
				TEST_TARGET_NAME = MAC_HZLBlue4.0Demo;
			};
			name = Debug;
		};
		FCD056BE20DFA2BD00DC7EDB /* Release */ = {
			isa = XCBuildConfiguration;
			buildSettings = {
				CODE_SIGN_STYLE = Automatic;
				COMBINE_HIDPI_IMAGES = YES;
				INFOPLIST_FILE = MAC_HZLBlue4.0DemoUITests/Info.plist;
				LD_RUNPATH_SEARCH_PATHS = (
					"$(inherited)",
					"@executable_path/../Frameworks",
					"@loader_path/../Frameworks",
				);
				PRODUCT_BUNDLE_IDENTIFIER = "com.macrotellect.MAC-HZLBlue4-0DemoUITests";
				PRODUCT_NAME = "$(TARGET_NAME)";
				TEST_TARGET_NAME = MAC_HZLBlue4.0Demo;
			};
			name = Release;
		};
/* End XCBuildConfiguration section */

/* Begin XCConfigurationList section */
		FCD0568720DFA2BC00DC7EDB /* Build configuration list for PBXProject "MAC_HZLBlue4.0Demo" */ = {
			isa = XCConfigurationList;
			buildConfigurations = (
				FCD056B420DFA2BD00DC7EDB /* Debug */,
				FCD056B520DFA2BD00DC7EDB /* Release */,
			);
			defaultConfigurationIsVisible = 0;
			defaultConfigurationName = Release;
		};
		FCD056B620DFA2BD00DC7EDB /* Build configuration list for PBXNativeTarget "MAC_HZLBlue4.0Demo" */ = {
			isa = XCConfigurationList;
			buildConfigurations = (
				FCD056B720DFA2BD00DC7EDB /* Debug */,
				FCD056B820DFA2BD00DC7EDB /* Release */,
			);
			defaultConfigurationIsVisible = 0;
			defaultConfigurationName = Release;
		};
		FCD056B920DFA2BD00DC7EDB /* Build configuration list for PBXNativeTarget "MAC_HZLBlue4.0DemoTests" */ = {
			isa = XCConfigurationList;
			buildConfigurations = (
				FCD056BA20DFA2BD00DC7EDB /* Debug */,
				FCD056BB20DFA2BD00DC7EDB /* Release */,
			);
			defaultConfigurationIsVisible = 0;
			defaultConfigurationName = Release;
		};
		FCD056BC20DFA2BD00DC7EDB /* Build configuration list for PBXNativeTarget "MAC_HZLBlue4.0DemoUITests" */ = {
			isa = XCConfigurationList;
			buildConfigurations = (
				FCD056BD20DFA2BD00DC7EDB /* Debug */,
				FCD056BE20DFA2BD00DC7EDB /* Release */,
			);
			defaultConfigurationIsVisible = 0;
			defaultConfigurationName = Release;
		};
/* End XCConfigurationList section */
	};
	rootObject = FCD0568420DFA2BC00DC7EDB /* Project object */;
}
